// !$*UTF8*$!
{
	archiveVersion = 1;
	classes = {
	};
	objectVersion = 46;
	objects = {

/* Begin PBXBuildFile section */
		EC98AE771815F97A00CF8891 /* Foundation.framework in Frameworks */ = {isa = PBXBuildFile; fileRef = EC98AE761815F97A00CF8891 /* Foundation.framework */; };
		EC98AE791815F97A00CF8891 /* CoreGraphics.framework in Frameworks */ = {isa = PBXBuildFile; fileRef = EC98AE781815F97A00CF8891 /* CoreGraphics.framework */; };
		EC98AE7B1815F97A00CF8891 /* UIKit.framework in Frameworks */ = {isa = PBXBuildFile; fileRef = EC98AE7A1815F97A00CF8891 /* UIKit.framework */; };
		EC98AE811815F97A00CF8891 /* InfoPlist.strings in Resources */ = {isa = PBXBuildFile; fileRef = EC98AE7F1815F97A00CF8891 /* InfoPlist.strings */; };
		EC98AE831815F97A00CF8891 /* main.m in Sources */ = {isa = PBXBuildFile; fileRef = EC98AE821815F97A00CF8891 /* main.m */; };
		EC98AE871815F97A00CF8891 /* DropitAppDelegate.m in Sources */ = {isa = PBXBuildFile; fileRef = EC98AE861815F97A00CF8891 /* DropitAppDelegate.m */; };
		EC98AE8A1815F97A00CF8891 /* Main.storyboard in Resources */ = {isa = PBXBuildFile; fileRef = EC98AE881815F97A00CF8891 /* Main.storyboard */; };
		EC98AE8D1815F97A00CF8891 /* DropitViewController.m in Sources */ = {isa = PBXBuildFile; fileRef = EC98AE8C1815F97A00CF8891 /* DropitViewController.m */; };
		EC98AE8F1815F97A00CF8891 /* Images.xcassets in Resources */ = {isa = PBXBuildFile; fileRef = EC98AE8E1815F97A00CF8891 /* Images.xcassets */; };
		EC98AE961815F97A00CF8891 /* XCTest.framework in Frameworks */ = {isa = PBXBuildFile; fileRef = EC98AE951815F97A00CF8891 /* XCTest.framework */; };
		EC98AE971815F97A00CF8891 /* Foundation.framework in Frameworks */ = {isa = PBXBuildFile; fileRef = EC98AE761815F97A00CF8891 /* Foundation.framework */; };
		EC98AE981815F97A00CF8891 /* UIKit.framework in Frameworks */ = {isa = PBXBuildFile; fileRef = EC98AE7A1815F97A00CF8891 /* UIKit.framework */; };
		EC98AEA01815F97A00CF8891 /* InfoPlist.strings in Resources */ = {isa = PBXBuildFile; fileRef = EC98AE9E1815F97A00CF8891 /* InfoPlist.strings */; };
		EC98AEA21815F97A00CF8891 /* DropitTests.m in Sources */ = {isa = PBXBuildFile; fileRef = EC98AEA11815F97A00CF8891 /* DropitTests.m */; };
		EC98AEAD1815FBE900CF8891 /* DropitBehavior.m in Sources */ = {isa = PBXBuildFile; fileRef = EC98AEAC1815FBE900CF8891 /* DropitBehavior.m */; };
		EC98AEB0181894FA00CF8891 /* BezierPathView.m in Sources */ = {isa = PBXBuildFile; fileRef = EC98AEAF181894FA00CF8891 /* BezierPathView.m */; };
/* End PBXBuildFile section */

/* Begin PBXContainerItemProxy section */
		EC98AE991815F97A00CF8891 /* PBXContainerItemProxy */ = {
			isa = PBXContainerItemProxy;
			containerPortal = EC98AE6B1815F97A00CF8891 /* Project object */;
			proxyType = 1;
			remoteGlobalIDString = EC98AE721815F97A00CF8891;
			remoteInfo = Dropit;
		};
/* End PBXContainerItemProxy section */

/* Begin PBXFileReference section */
		EC98AE731815F97A00CF8891 /* Dropit.app */ = {isa = PBXFileReference; explicitFileType = wrapper.application; includeInIndex = 0; path = Dropit.app; sourceTree = BUILT_PRODUCTS_DIR; };
		EC98AE761815F97A00CF8891 /* Foundation.framework */ = {isa = PBXFileReference; lastKnownFileType = wrapper.framework; name = Foundation.framework; path = System/Library/Frameworks/Foundation.framework; sourceTree = SDKROOT; };
		EC98AE781815F97A00CF8891 /* CoreGraphics.framework */ = {isa = PBXFileReference; lastKnownFileType = wrapper.framework; name = CoreGraphics.framework; path = System/Library/Frameworks/CoreGraphics.framework; sourceTree = SDKROOT; };
		EC98AE7A1815F97A00CF8891 /* UIKit.framework */ = {isa = PBXFileReference; lastKnownFileType = wrapper.framework; name = UIKit.framework; path = System/Library/Frameworks/UIKit.framework; sourceTree = SDKROOT; };
		EC98AE7E1815F97A00CF8891 /* Dropit-Info.plist */ = {isa = PBXFileReference; lastKnownFileType = text.plist.xml; path = "Dropit-Info.plist"; sourceTree = "<group>"; };
		EC98AE801815F97A00CF8891 /* en */ = {isa = PBXFileReference; lastKnownFileType = text.plist.strings; name = en; path = en.lproj/InfoPlist.strings; sourceTree = "<group>"; };
		EC98AE821815F97A00CF8891 /* main.m */ = {isa = PBXFileReference; lastKnownFileType = sourcecode.c.objc; path = main.m; sourceTree = "<group>"; };
		EC98AE841815F97A00CF8891 /* Dropit-Prefix.pch */ = {isa = PBXFileReference; lastKnownFileType = sourcecode.c.h; path = "Dropit-Prefix.pch"; sourceTree = "<group>"; };
		EC98AE851815F97A00CF8891 /* DropitAppDelegate.h */ = {isa = PBXFileReference; lastKnownFileType = sourcecode.c.h; path = DropitAppDelegate.h; sourceTree = "<group>"; };
		EC98AE861815F97A00CF8891 /* DropitAppDelegate.m */ = {isa = PBXFileReference; lastKnownFileType = sourcecode.c.objc; path = DropitAppDelegate.m; sourceTree = "<group>"; };
		EC98AE891815F97A00CF8891 /* Base */ = {isa = PBXFileReference; lastKnownFileType = file.storyboard; name = Base; path = Base.lproj/Main.storyboard; sourceTree = "<group>"; };
		EC98AE8B1815F97A00CF8891 /* DropitViewController.h */ = {isa = PBXFileReference; lastKnownFileType = sourcecode.c.h; path = DropitViewController.h; sourceTree = "<group>"; };
		EC98AE8C1815F97A00CF8891 /* DropitViewController.m */ = {isa = PBXFileReference; lastKnownFileType = sourcecode.c.objc; path = DropitViewController.m; sourceTree = "<group>"; };
		EC98AE8E1815F97A00CF8891 /* Images.xcassets */ = {isa = PBXFileReference; lastKnownFileType = folder.assetcatalog; path = Images.xcassets; sourceTree = "<group>"; };
		EC98AE941815F97A00CF8891 /* DropitTests.xctest */ = {isa = PBXFileReference; explicitFileType = wrapper.cfbundle; includeInIndex = 0; path = DropitTests.xctest; sourceTree = BUILT_PRODUCTS_DIR; };
		EC98AE951815F97A00CF8891 /* XCTest.framework */ = {isa = PBXFileReference; lastKnownFileType = wrapper.framework; name = XCTest.framework; path = Library/Frameworks/XCTest.framework; sourceTree = DEVELOPER_DIR; };
		EC98AE9D1815F97A00CF8891 /* DropitTests-Info.plist */ = {isa = PBXFileReference; lastKnownFileType = text.plist.xml; path = "DropitTests-Info.plist"; sourceTree = "<group>"; };
		EC98AE9F1815F97A00CF8891 /* en */ = {isa = PBXFileReference; lastKnownFileType = text.plist.strings; name = en; path = en.lproj/InfoPlist.strings; sourceTree = "<group>"; };
		EC98AEA11815F97A00CF8891 /* DropitTests.m */ = {isa = PBXFileReference; lastKnownFileType = sourcecode.c.objc; path = DropitTests.m; sourceTree = "<group>"; };
		EC98AEAB1815FBE900CF8891 /* DropitBehavior.h */ = {isa = PBXFileReference; fileEncoding = 4; lastKnownFileType = sourcecode.c.h; path = DropitBehavior.h; sourceTree = "<group>"; };
		EC98AEAC1815FBE900CF8891 /* DropitBehavior.m */ = {isa = PBXFileReference; fileEncoding = 4; lastKnownFileType = sourcecode.c.objc; path = DropitBehavior.m; sourceTree = "<group>"; };
		EC98AEAE181894FA00CF8891 /* BezierPathView.h */ = {isa = PBXFileReference; fileEncoding = 4; lastKnownFileType = sourcecode.c.h; path = BezierPathView.h; sourceTree = "<group>"; };
		EC98AEAF181894FA00CF8891 /* BezierPathView.m */ = {isa = PBXFileReference; fileEncoding = 4; lastKnownFileType = sourcecode.c.objc; path = BezierPathView.m; sourceTree = "<group>"; };
/* End PBXFileReference section */

/* Begin PBXFrameworksBuildPhase section */
		EC98AE701815F97A00CF8891 /* Frameworks */ = {
			isa = PBXFrameworksBuildPhase;
			buildActionMask = 2147483647;
			files = (
				EC98AE791815F97A00CF8891 /* CoreGraphics.framework in Frameworks */,
				EC98AE7B1815F97A00CF8891 /* UIKit.framework in Frameworks */,
				EC98AE771815F97A00CF8891 /* Foundation.framework in Frameworks */,
			);
			runOnlyForDeploymentPostprocessing = 0;
		};
		EC98AE911815F97A00CF8891 /* Frameworks */ = {
			isa = PBXFrameworksBuildPhase;
			buildActionMask = 2147483647;
			files = (
				EC98AE961815F97A00CF8891 /* XCTest.framework in Frameworks */,
				EC98AE981815F97A00CF8891 /* UIKit.framework in Frameworks */,
				EC98AE971815F97A00CF8891 /* Foundation.framework in Frameworks */,
			);
			runOnlyForDeploymentPostprocessing = 0;
		};
/* End PBXFrameworksBuildPhase section */

/* Begin PBXGroup section */
		EC98AE6A1815F97A00CF8891 = {
			isa = PBXGroup;
			children = (
				EC98AE7C1815F97A00CF8891 /* Dropit */,
				EC98AE9B1815F97A00CF8891 /* DropitTests */,
				EC98AE751815F97A00CF8891 /* Frameworks */,
				EC98AE741815F97A00CF8891 /* Products */,
			);
			sourceTree = "<group>";
		};
		EC98AE741815F97A00CF8891 /* Products */ = {
			isa = PBXGroup;
			children = (
				EC98AE731815F97A00CF8891 /* Dropit.app */,
				EC98AE941815F97A00CF8891 /* DropitTests.xctest */,
			);
			name = Products;
			sourceTree = "<group>";
		};
		EC98AE751815F97A00CF8891 /* Frameworks */ = {
			isa = PBXGroup;
			children = (
				EC98AE761815F97A00CF8891 /* Foundation.framework */,
				EC98AE781815F97A00CF8891 /* CoreGraphics.framework */,
				EC98AE7A1815F97A00CF8891 /* UIKit.framework */,
				EC98AE951815F97A00CF8891 /* XCTest.framework */,
			);
			name = Frameworks;
			sourceTree = "<group>";
		};
		EC98AE7C1815F97A00CF8891 /* Dropit */ = {
			isa = PBXGroup;
			children = (
				EC98AE881815F97A00CF8891 /* Main.storyboard */,
				EC98AEAB1815FBE900CF8891 /* DropitBehavior.h */,
				EC98AEAC1815FBE900CF8891 /* DropitBehavior.m */,
				EC98AE8B1815F97A00CF8891 /* DropitViewController.h */,
				EC98AE8C1815F97A00CF8891 /* DropitViewController.m */,
				EC98AEAE181894FA00CF8891 /* BezierPathView.h */,
				EC98AEAF181894FA00CF8891 /* BezierPathView.m */,
				EC98AE8E1815F97A00CF8891 /* Images.xcassets */,
				EC98AE7D1815F97A00CF8891 /* Supporting Files */,
			);
			path = Dropit;
			sourceTree = "<group>";
		};
		EC98AE7D1815F97A00CF8891 /* Supporting Files */ = {
			isa = PBXGroup;
			children = (
				EC98AE851815F97A00CF8891 /* DropitAppDelegate.h */,
				EC98AE861815F97A00CF8891 /* DropitAppDelegate.m */,
				EC98AE7E1815F97A00CF8891 /* Dropit-Info.plist */,
				EC98AE7F1815F97A00CF8891 /* InfoPlist.strings */,
				EC98AE821815F97A00CF8891 /* main.m */,
				EC98AE841815F97A00CF8891 /* Dropit-Prefix.pch */,
			);
			name = "Supporting Files";
			sourceTree = "<group>";
		};
		EC98AE9B1815F97A00CF8891 /* DropitTests */ = {
			isa = PBXGroup;
			children = (
				EC98AEA11815F97A00CF8891 /* DropitTests.m */,
				EC98AE9C1815F97A00CF8891 /* Supporting Files */,
			);
			path = DropitTests;
			sourceTree = "<group>";
		};
		EC98AE9C1815F97A00CF8891 /* Supporting Files */ = {
			isa = PBXGroup;
			children = (
				EC98AE9D1815F97A00CF8891 /* DropitTests-Info.plist */,
				EC98AE9E1815F97A00CF8891 /* InfoPlist.strings */,
			);
			name = "Supporting Files";
			sourceTree = "<group>";
		};
/* End PBXGroup section */

/* Begin PBXNativeTarget section */
		EC98AE721815F97A00CF8891 /* Dropit */ = {
			isa = PBXNativeTarget;
			buildConfigurationList = EC98AEA51815F97A00CF8891 /* Build configuration list for PBXNativeTarget "Dropit" */;
			buildPhases = (
				EC98AE6F1815F97A00CF8891 /* Sources */,
				EC98AE701815F97A00CF8891 /* Frameworks */,
				EC98AE711815F97A00CF8891 /* Resources */,
			);
			buildRules = (
			);
			dependencies = (
			);
			name = Dropit;
			productName = Dropit;
			productReference = EC98AE731815F97A00CF8891 /* Dropit.app */;
			productType = "com.apple.product-type.application";
		};
		EC98AE931815F97A00CF8891 /* DropitTests */ = {
			isa = PBXNativeTarget;
			buildConfigurationList = EC98AEA81815F97A00CF8891 /* Build configuration list for PBXNativeTarget "DropitTests" */;
			buildPhases = (
				EC98AE901815F97A00CF8891 /* Sources */,
				EC98AE911815F97A00CF8891 /* Frameworks */,
				EC98AE921815F97A00CF8891 /* Resources */,
			);
			buildRules = (
			);
			dependencies = (
				EC98AE9A1815F97A00CF8891 /* PBXTargetDependency */,
			);
			name = DropitTests;
			productName = DropitTests;
			productReference = EC98AE941815F97A00CF8891 /* DropitTests.xctest */;
			productType = "com.apple.product-type.bundle.unit-test";
		};
/* End PBXNativeTarget section */

/* Begin PBXProject section */
		EC98AE6B1815F97A00CF8891 /* Project object */ = {
			isa = PBXProject;
			attributes = {
				CLASSPREFIX = Dropit;
				LastUpgradeCheck = 0510;
				ORGANIZATIONNAME = "Stanford University";
				TargetAttributes = {
					EC98AE721815F97A00CF8891 = {
						DevelopmentTeam = QLY879YR3Y;
					};
					EC98AE931815F97A00CF8891 = {
						TestTargetID = EC98AE721815F97A00CF8891;
					};
				};
			};
			buildConfigurationList = EC98AE6E1815F97A00CF8891 /* Build configuration list for PBXProject "Dropit" */;
			compatibilityVersion = "Xcode 3.2";
			developmentRegion = English;
			hasScannedForEncodings = 0;
			knownRegions = (
				en,
				Base,
			);
			mainGroup = EC98AE6A1815F97A00CF8891;
			productRefGroup = EC98AE741815F97A00CF8891 /* Products */;
			projectDirPath = "";
			projectRoot = "";
			targets = (
				EC98AE721815F97A00CF8891 /* Dropit */,
				EC98AE931815F97A00CF8891 /* DropitTests */,
			);
		};
/* End PBXProject section */

/* Begin PBXResourcesBuildPhase section */
		EC98AE711815F97A00CF8891 /* Resources */ = {
			isa = PBXResourcesBuildPhase;
			buildActionMask = 2147483647;
			files = (
				EC98AE8F1815F97A00CF8891 /* Images.xcassets in Resources */,
				EC98AE811815F97A00CF8891 /* InfoPlist.strings in Resources */,
				EC98AE8A1815F97A00CF8891 /* Main.storyboard in Resources */,
			);
			runOnlyForDeploymentPostprocessing = 0;
		};
		EC98AE921815F97A00CF8891 /* Resources */ = {
			isa = PBXResourcesBuildPhase;
			buildActionMask = 2147483647;
			files = (
				EC98AEA01815F97A00CF8891 /* InfoPlist.strings in Resources */,
			);
			runOnlyForDeploymentPostprocessing = 0;
		};
/* End PBXResourcesBuildPhase section */

/* Begin PBXSourcesBuildPhase section */
		EC98AE6F1815F97A00CF8891 /* Sources */ = {
			isa = PBXSourcesBuildPhase;
			buildActionMask = 2147483647;
			files = (
				EC98AE8D1815F97A00CF8891 /* DropitViewController.m in Sources */,
				EC98AEAD1815FBE900CF8891 /* DropitBehavior.m in Sources */,
				EC98AEB0181894FA00CF8891 /* BezierPathView.m in Sources */,
				EC98AE871815F97A00CF8891 /* DropitAppDelegate.m in Sources */,
				EC98AE831815F97A00CF8891 /* main.m in Sources */,
			);
			runOnlyForDeploymentPostprocessing = 0;
		};
		EC98AE901815F97A00CF8891 /* Sources */ = {
			isa = PBXSourcesBuildPhase;
			buildActionMask = 2147483647;
			files = (
				EC98AEA21815F97A00CF8891 /* DropitTests.m in Sources */,
			);
			runOnlyForDeploymentPostprocessing = 0;
		};
/* End PBXSourcesBuildPhase section */

/* Begin PBXTargetDependency section */
		EC98AE9A1815F97A00CF8891 /* PBXTargetDependency */ = {
			isa = PBXTargetDependency;
			target = EC98AE721815F97A00CF8891 /* Dropit */;
			targetProxy = EC98AE991815F97A00CF8891 /* PBXContainerItemProxy */;
		};
/* End PBXTargetDependency section */

/* Begin PBXVariantGroup section */
		EC98AE7F1815F97A00CF8891 /* InfoPlist.strings */ = {
			isa = PBXVariantGroup;
			children = (
				EC98AE801815F97A00CF8891 /* en */,
			);
			name = InfoPlist.strings;
			sourceTree = "<group>";
		};
		EC98AE881815F97A00CF8891 /* Main.storyboard */ = {
			isa = PBXVariantGroup;
			children = (
				EC98AE891815F97A00CF8891 /* Base */,
			);
			name = Main.storyboard;
			sourceTree = "<group>";
		};
		EC98AE9E1815F97A00CF8891 /* InfoPlist.strings */ = {
			isa = PBXVariantGroup;
			children = (
				EC98AE9F1815F97A00CF8891 /* en */,
			);
			name = InfoPlist.strings;
			sourceTree = "<group>";
		};
/* End PBXVariantGroup section */

/* Begin XCBuildConfiguration section */
		EC98AEA31815F97A00CF8891 /* Debug */ = {
			isa = XCBuildConfiguration;
			buildSettings = {
				ALWAYS_SEARCH_USER_PATHS = NO;
				CLANG_CXX_LANGUAGE_STANDARD = "gnu++0x";
				CLANG_CXX_LIBRARY = "libc++";
				CLANG_ENABLE_MODULES = YES;
				CLANG_ENABLE_OBJC_ARC = YES;
				CLANG_WARN_BOOL_CONVERSION = YES;
				CLANG_WARN_CONSTANT_CONVERSION = YES;
				CLANG_WARN_DIRECT_OBJC_ISA_USAGE = YES_ERROR;
				CLANG_WARN_EMPTY_BODY = YES;
				CLANG_WARN_ENUM_CONVERSION = YES;
				CLANG_WARN_INT_CONVERSION = YES;
				CLANG_WARN_OBJC_ROOT_CLASS = YES_ERROR;
				CLANG_WARN__DUPLICATE_METHOD_MATCH = YES;
				"CODE_SIGN_IDENTITY[sdk=iphoneos*]" = "iPhone Developer";
				COPY_PHASE_STRIP = NO;
				GCC_C_LANGUAGE_STANDARD = gnu99;
				GCC_DYNAMIC_NO_PIC = NO;
				GCC_OPTIMIZATION_LEVEL = 0;
				GCC_PREPROCESSOR_DEFINITIONS = (
					"DEBUG=1",
					"$(inherited)",
				);
				GCC_SYMBOLS_PRIVATE_EXTERN = NO;
				GCC_WARN_64_TO_32_BIT_CONVERSION = YES;
				GCC_WARN_ABOUT_RETURN_TYPE = YES_ERROR;
				GCC_WARN_UNDECLARED_SELECTOR = YES;
				GCC_WARN_UNINITIALIZED_AUTOS = YES;
				GCC_WARN_UNUSED_FUNCTION = YES;
				GCC_WARN_UNUSED_VARIABLE = YES;
				IPHONEOS_DEPLOYMENT_TARGET = 10.3;
				ONLY_ACTIVE_ARCH = YES;
				SDKROOT = iphoneos;
			};
			name = Debug;
		};
		EC98AEA41815F97A00CF8891 /* Release */ = {
			isa = XCBuildConfiguration;
			buildSettings = {
				ALWAYS_SEARCH_USER_PATHS = NO;
				CLANG_CXX_LANGUAGE_STANDARD = "gnu++0x";
				CLANG_CXX_LIBRARY = "libc++";
				CLANG_ENABLE_MODULES = YES;
				CLANG_ENABLE_OBJC_ARC = YES;
				CLANG_WARN_BOOL_CONVERSION = YES;
				CLANG_WARN_CONSTANT_CONVERSION = YES;
				CLANG_WARN_DIRECT_OBJC_ISA_USAGE = YES_ERROR;
				CLANG_WARN_EMPTY_BODY = YES;
				CLANG_WARN_ENUM_CONVERSION = YES;
				CLANG_WARN_INT_CONVERSION = YES;
				CLANG_WARN_OBJC_ROOT_CLASS = YES_ERROR;
				CLANG_WARN__DUPLICATE_METHOD_MATCH = YES;
				"CODE_SIGN_IDENTITY[sdk=iphoneos*]" = "iPhone Developer";
				COPY_PHASE_STRIP = YES;
				ENABLE_NS_ASSERTIONS = NO;
				GCC_C_LANGUAGE_STANDARD = gnu99;
				GCC_WARN_64_TO_32_BIT_CONVERSION = YES;
				GCC_WARN_ABOUT_RETURN_TYPE = YES_ERROR;
				GCC_WARN_UNDECLARED_SELECTOR = YES;
				GCC_WARN_UNINITIALIZED_AUTOS = YES;
				GCC_WARN_UNUSED_FUNCTION = YES;
				GCC_WARN_UNUSED_VARIABLE = YES;
				IPHONEOS_DEPLOYMENT_TARGET = 10.3;
				SDKROOT = iphoneos;
				VALIDATE_PRODUCT = YES;
			};
			name = Release;
		};
		EC98AEA61815F97A00CF8891 /* Debug */ = {
			isa = XCBuildConfiguration;
			buildSettings = {
				ASSETCATALOG_COMPILER_APPICON_NAME = AppIcon;
				ASSETCATALOG_COMPILER_LAUNCHIMAGE_NAME = LaunchImage;
				DEVELOPMENT_TEAM = QLY879YR3Y;
				GCC_PRECOMPILE_PREFIX_HEADER = YES;
				GCC_PREFIX_HEADER = "Dropit/Dropit-Prefix.pch";
				INFOPLIST_FILE = "Dropit/Dropit-Info.plist";
				PRODUCT_NAME = "$(TARGET_NAME)";
				WRAPPER_EXTENSION = app;
			};
			name = Debug;
		};
		EC98AEA71815F97A00CF8891 /* Release */ = {
			isa = XCBuildConfiguration;
			buildSettings = {
				ASSETCATALOG_COMPILER_APPICON_NAME = AppIcon;
				ASSETCATALOG_COMPILER_LAUNCHIMAGE_NAME = LaunchImage;
				DEVELOPMENT_TEAM = QLY879YR3Y;
				GCC_PRECOMPILE_PREFIX_HEADER = YES;
				GCC_PREFIX_HEADER = "Dropit/Dropit-Prefix.pch";
				INFOPLIST_FILE = "Dropit/Dropit-Info.plist";
				PRODUCT_NAME = "$(TARGET_NAME)";
				WRAPPER_EXTENSION = app;
			};
			name = Release;
		};
		EC98AEA91815F97A00CF8891 /* Debug */ = {
			isa = XCBuildConfiguration;
			buildSettings = {
				BUNDLE_LOADER = "$(BUILT_PRODUCTS_DIR)/Dropit.app/Dropit";
				FRAMEWORK_SEARCH_PATHS = (
					"$(SDKROOT)/Developer/Library/Frameworks",
					"$(inherited)",
					"$(DEVELOPER_FRAMEWORKS_DIR)",
				);
				GCC_PRECOMPILE_PREFIX_HEADER = YES;
				GCC_PREFIX_HEADER = "Dropit/Dropit-Prefix.pch";
				GCC_PREPROCESSOR_DEFINITIONS = (
					"DEBUG=1",
					"$(inherited)",
				);
				INFOPLIST_FILE = "DropitTests/DropitTests-Info.plist";
				PRODUCT_NAME = "$(TARGET_NAME)";
				TEST_HOST = "$(BUNDLE_LOADER)";
				WRAPPER_EXTENSION = xctest;
			};
			name = Debug;
		};
		EC98AEAA1815F97A00CF8891 /* Release */ = {
			isa = XCBuildConfiguration;
			buildSettings = {
				BUNDLE_LOADER = "$(BUILT_PRODUCTS_DIR)/Dropit.app/Dropit";
				FRAMEWORK_SEARCH_PATHS = (
					"$(SDKROOT)/Developer/Library/Frameworks",
					"$(inherited)",
					"$(DEVELOPER_FRAMEWORKS_DIR)",
				);
				GCC_PRECOMPILE_PREFIX_HEADER = YES;
				GCC_PREFIX_HEADER = "Dropit/Dropit-Prefix.pch";
				INFOPLIST_FILE = "DropitTests/DropitTests-Info.plist";
				PRODUCT_NAME = "$(TARGET_NAME)";
				TEST_HOST = "$(BUNDLE_LOADER)";
				WRAPPER_EXTENSION = xctest;
			};
			name = Release;
		};
/* End XCBuildConfiguration section */

/* Begin XCConfigurationList section */
		EC98AE6E1815F97A00CF8891 /* Build configuration list for PBXProject "Dropit" */ = {
			isa = XCConfigurationList;
			buildConfigurations = (
				EC98AEA31815F97A00CF8891 /* Debug */,
				EC98AEA41815F97A00CF8891 /* Release */,
			);
			defaultConfigurationIsVisible = 0;
			defaultConfigurationName = Release;
		};
		EC98AEA51815F97A00CF8891 /* Build configuration list for PBXNativeTarget "Dropit" */ = {
			isa = XCConfigurationList;
			buildConfigurations = (
				EC98AEA61815F97A00CF8891 /* Debug */,
				EC98AEA71815F97A00CF8891 /* Release */,
			);
			defaultConfigurationIsVisible = 0;
			defaultConfigurationName = Release;
		};
		EC98AEA81815F97A00CF8891 /* Build configuration list for PBXNativeTarget "DropitTests" */ = {
			isa = XCConfigurationList;
			buildConfigurations = (
				EC98AEA91815F97A00CF8891 /* Debug */,
				EC98AEAA1815F97A00CF8891 /* Release */,
			);
			defaultConfigurationIsVisible = 0;
			defaultConfigurationName = Release;
		};
/* End XCConfigurationList section */
	};
	rootObject = EC98AE6B1815F97A00CF8891 /* Project object */;
}
